
Microsoft Visual Studio Solution File, Format Version 12.00
# Visual Studio Version 16
VisualStudioVersion = 16.0.31025.194
MinimumVisualStudioVersion = 10.0.40219.1
Project("{8BC9CEB8-8B4A-11D0-8D11-00A0C91BC942}") = "Test", "Test.vcxproj", "{447FD7EC-FBFA-4490-9A59-8D0BAD506C06}"
EndProject
Project("{8BC9CEB8-8B4A-11D0-8D11-00A0C91BC942}") = "Chpt02", "..\Chpt2\Chpt2.vcxproj", "{5F78A5FB-B8D2-47A2-A1D9-F22CC0CA3620}"
EndProject
Project("{8BC9CEB8-8B4A-11D0-8D11-00A0C91BC942}") = "Chpt03", "..\Chpt3\Chpt3.vcxproj", "{E68D1163-6DFA-40F0-922D-6736CDC0121A}"
EndProject
Project("{8BC9CEB8-8B4A-11D0-8D11-00A0C91BC942}") = "Chpt04", "..\Chpt4\Chpt4.vcxproj", "{B9AE1C22-1AB9-4626-AA31-D34C1B1B62E0}"
EndProject
Project("{8BC9CEB8-8B4A-11D0-8D11-00A0C91BC942}") = "Chpt05", "..\Chpt5\Chpt5.vcxproj", "{7374FA75-A5F1-4746-8015-942693E9066B}"
EndProject
Project("{8BC9CEB8-8B4A-11D0-8D11-00A0C91BC942}") = "Chpt06", "..\Chpt6\Chpt6.vcxproj", "{18A8D06B-8847-4C68-99F7-AB70FA8FE2AD}"
EndProject
Project("{8BC9CEB8-8B4A-11D0-8D11-00A0C91BC942}") = "Chpt07", "..\Chpt7\Chpt7.vcxproj", "{C5B96F43-450E-4C32-A061-AE06AAABD11D}"
EndProject
Project("{8BC9CEB8-8B4A-11D0-8D11-00A0C91BC942}") = "Chpt08", "..\Chpt8\Chpt8.vcxproj", "{67A007C4-0B38-4A3D-939F-851100B19E84}"
EndProject
Project("{8BC9CEB8-8B4A-11D0-8D11-00A0C91BC942}") = "Chpt09", "..\Chpt9\Chpt9.vcxproj", "{148FA579-3EA4-4C54-9A01-9A5DB210CAFB}"
EndProject
Project("{8BC9CEB8-8B4A-11D0-8D11-00A0C91BC942}") = "Chpt10", "..\Chpt10\Chpt10.vcxproj", "{EE868A4E-E26C-474F-847C-6A46FCF63E2C}"
EndProject
Project("{8BC9CEB8-8B4A-11D0-8D11-00A0C91BC942}") = "Chpt11", "..\Chpt11\Chpt11.vcxproj", "{9FBDE353-C3B4-407C-817E-2406C46D70FC}"
EndProject
Project("{8BC9CEB8-8B4A-11D0-8D11-00A0C91BC942}") = "Chpt12", "..\Chpt12\Chpt12.vcxproj", "{C77AE22C-6D3F-4E3C-938B-7B0D7876FDA3}"
EndProject
Project("{8BC9CEB8-8B4A-11D0-8D11-00A0C91BC942}") = "Chpt13", "..\Chpt13\Chpt13.vcxproj", "{2C22E371-4B66-4921-8960-8C0978ECB5B4}"
EndProject
Project("{8BC9CEB8-8B4A-11D0-8D11-00A0C91BC942}") = "Chpt14", "..\Chpt14\Chpt14.vcxproj", "{3081DC28-371F-4DC3-88F3-14701C1949CA}"
EndProject
Project("{8BC9CEB8-8B4A-11D0-8D11-00A0C91BC942}") = "Chpt15", "..\Chpt15\Chpt15.vcxproj", "{8A66E196-1703-4F55-A539-30DA2BA67B16}"
EndProject
Project("{8BC9CEB8-8B4A-11D0-8D11-00A0C91BC942}") = "Chpt16", "..\Chpt16\Chpt16.vcxproj", "{B337F721-DE6C-49CE-BBCD-DDE6BD8B912F}"
EndProject
Project("{8BC9CEB8-8B4A-11D0-8D11-00A0C91BC942}") = "Chpt17", "..\Chpt17\Chpt17.vcxproj", "{66459311-9782-45AB-8D58-CDE17DF7C649}"
EndProject
Project("{8BC9CEB8-8B4A-11D0-8D11-00A0C91BC942}") = "Chpt18", "..\Chpt18\Chpt18.vcxproj", "{50B15FE6-69C2-4498-99EF-A762B60676D1}"
EndProject
Project("{8BC9CEB8-8B4A-11D0-8D11-00A0C91BC942}") = "Chpt19", "..\Chpt19\Chpt19.vcxproj", "{05A48DE6-FE38-49D8-BA1B-49F2FC563E45}"
EndProject
Global
	GlobalSection(SolutionConfigurationPlatforms) = preSolution
		Debug|x64 = Debug|x64
		Debug|x86 = Debug|x86
		Release|x64 = Release|x64
		Release|x86 = Release|x86
	EndGlobalSection
	GlobalSection(ProjectConfigurationPlatforms) = postSolution
		{447FD7EC-FBFA-4490-9A59-8D0BAD506C06}.Debug|x64.ActiveCfg = Debug|x64
		{447FD7EC-FBFA-4490-9A59-8D0BAD506C06}.Debug|x64.Build.0 = Debug|x64
		{447FD7EC-FBFA-4490-9A59-8D0BAD506C06}.Debug|x86.ActiveCfg = Debug|Win32
		{447FD7EC-FBFA-4490-9A59-8D0BAD506C06}.Debug|x86.Build.0 = Debug|Win32
		{447FD7EC-FBFA-4490-9A59-8D0BAD506C06}.Release|x64.ActiveCfg = Release|x64
		{447FD7EC-FBFA-4490-9A59-8D0BAD506C06}.Release|x64.Build.0 = Release|x64
		{447FD7EC-FBFA-4490-9A59-8D0BAD506C06}.Release|x86.ActiveCfg = Release|Win32
		{447FD7EC-FBFA-4490-9A59-8D0BAD506C06}.Release|x86.Build.0 = Release|Win32
		{5F78A5FB-B8D2-47A2-A1D9-F22CC0CA3620}.Debug|x64.ActiveCfg = Debug|x64
		{5F78A5FB-B8D2-47A2-A1D9-F22CC0CA3620}.Debug|x64.Build.0 = Debug|x64
		{5F78A5FB-B8D2-47A2-A1D9-F22CC0CA3620}.Debug|x86.ActiveCfg = Debug|Win32
		{5F78A5FB-B8D2-47A2-A1D9-F22CC0CA3620}.Debug|x86.Build.0 = Debug|Win32
		{5F78A5FB-B8D2-47A2-A1D9-F22CC0CA3620}.Release|x64.ActiveCfg = Release|x64
		{5F78A5FB-B8D2-47A2-A1D9-F22CC0CA3620}.Release|x64.Build.0 = Release|x64
		{5F78A5FB-B8D2-47A2-A1D9-F22CC0CA3620}.Release|x86.ActiveCfg = Release|Win32
		{5F78A5FB-B8D2-47A2-A1D9-F22CC0CA3620}.Release|x86.Build.0 = Release|Win32
		{E68D1163-6DFA-40F0-922D-6736CDC0121A}.Debug|x64.ActiveCfg = Debug|x64
		{E68D1163-6DFA-40F0-922D-6736CDC0121A}.Debug|x64.Build.0 = Debug|x64
		{E68D1163-6DFA-40F0-922D-6736CDC0121A}.Debug|x86.ActiveCfg = Debug|Win32
		{E68D1163-6DFA-40F0-922D-6736CDC0121A}.Debug|x86.Build.0 = Debug|Win32
		{E68D1163-6DFA-40F0-922D-6736CDC0121A}.Release|x64.ActiveCfg = Release|x64
		{E68D1163-6DFA-40F0-922D-6736CDC0121A}.Release|x64.Build.0 = Release|x64
		{E68D1163-6DFA-40F0-922D-6736CDC0121A}.Release|x86.ActiveCfg = Release|Win32
		{E68D1163-6DFA-40F0-922D-6736CDC0121A}.Release|x86.Build.0 = Release|Win32
		{B9AE1C22-1AB9-4626-AA31-D34C1B1B62E0}.Debug|x64.ActiveCfg = Debug|x64
		{B9AE1C22-1AB9-4626-AA31-D34C1B1B62E0}.Debug|x64.Build.0 = Debug|x64
		{B9AE1C22-1AB9-4626-AA31-D34C1B1B62E0}.Debug|x86.ActiveCfg = Debug|Win32
		{B9AE1C22-1AB9-4626-AA31-D34C1B1B62E0}.Debug|x86.Build.0 = Debug|Win32
		{B9AE1C22-1AB9-4626-AA31-D34C1B1B62E0}.Release|x64.ActiveCfg = Release|x64
		{B9AE1C22-1AB9-4626-AA31-D34C1B1B62E0}.Release|x64.Build.0 = Release|x64
		{B9AE1C22-1AB9-4626-AA31-D34C1B1B62E0}.Release|x86.ActiveCfg = Release|Win32
		{B9AE1C22-1AB9-4626-AA31-D34C1B1B62E0}.Release|x86.Build.0 = Release|Win32
		{7374FA75-A5F1-4746-8015-942693E9066B}.Debug|x64.ActiveCfg = Debug|x64
		{7374FA75-A5F1-4746-8015-942693E9066B}.Debug|x64.Build.0 = Debug|x64
		{7374FA75-A5F1-4746-8015-942693E9066B}.Debug|x86.ActiveCfg = Debug|Win32
		{7374FA75-A5F1-4746-8015-942693E9066B}.Debug|x86.Build.0 = Debug|Win32
		{7374FA75-A5F1-4746-8015-942693E9066B}.Release|x64.ActiveCfg = Release|x64
		{7374FA75-A5F1-4746-8015-942693E9066B}.Release|x64.Build.0 = Release|x64
		{7374FA75-A5F1-4746-8015-942693E9066B}.Release|x86.ActiveCfg = Release|Win32
		{7374FA75-A5F1-4746-8015-942693E9066B}.Release|x86.Build.0 = Release|Win32
		{18A8D06B-8847-4C68-99F7-AB70FA8FE2AD}.Debug|x64.ActiveCfg = Debug|x64
		{18A8D06B-8847-4C68-99F7-AB70FA8FE2AD}.Debug|x64.Build.0 = Debug|x64
		{18A8D06B-8847-4C68-99F7-AB70FA8FE2AD}.Debug|x86.ActiveCfg = Debug|Win32
		{18A8D06B-8847-4C68-99F7-AB70FA8FE2AD}.Debug|x86.Build.0 = Debug|Win32
		{18A8D06B-8847-4C68-99F7-AB70FA8FE2AD}.Release|x64.ActiveCfg = Release|x64
		{18A8D06B-8847-4C68-99F7-AB70FA8FE2AD}.Release|x64.Build.0 = Release|x64
		{18A8D06B-8847-4C68-99F7-AB70FA8FE2AD}.Release|x86.ActiveCfg = Release|Win32
		{18A8D06B-8847-4C68-99F7-AB70FA8FE2AD}.Release|x86.Build.0 = Release|Win32
		{C5B96F43-450E-4C32-A061-AE06AAABD11D}.Debug|x64.ActiveCfg = Debug|x64
		{C5B96F43-450E-4C32-A061-AE06AAABD11D}.Debug|x64.Build.0 = Debug|x64
		{C5B96F43-450E-4C32-A061-AE06AAABD11D}.Debug|x86.ActiveCfg = Debug|Win32
		{C5B96F43-450E-4C32-A061-AE06AAABD11D}.Debug|x86.Build.0 = Debug|Win32
		{C5B96F43-450E-4C32-A061-AE06AAABD11D}.Release|x64.ActiveCfg = Release|x64
		{C5B96F43-450E-4C32-A061-AE06AAABD11D}.Release|x64.Build.0 = Release|x64
		{C5B96F43-450E-4C32-A061-AE06AAABD11D}.Release|x86.ActiveCfg = Release|Win32
		{C5B96F43-450E-4C32-A061-AE06AAABD11D}.Release|x86.Build.0 = Release|Win32
		{67A007C4-0B38-4A3D-939F-851100B19E84}.Debug|x64.ActiveCfg = Debug|x64
		{67A007C4-0B38-4A3D-939F-851100B19E84}.Debug|x64.Build.0 = Debug|x64
		{67A007C4-0B38-4A3D-939F-851100B19E84}.Debug|x86.ActiveCfg = Debug|Win32
		{67A007C4-0B38-4A3D-939F-851100B19E84}.Debug|x86.Build.0 = Debug|Win32
		{67A007C4-0B38-4A3D-939F-851100B19E84}.Release|x64.ActiveCfg = Release|x64
		{67A007C4-0B38-4A3D-939F-851100B19E84}.Release|x64.Build.0 = Release|x64
		{67A007C4-0B38-4A3D-939F-851100B19E84}.Release|x86.ActiveCfg = Release|Win32
		{67A007C4-0B38-4A3D-939F-851100B19E84}.Release|x86.Build.0 = Release|Win32
		{148FA579-3EA4-4C54-9A01-9A5DB210CAFB}.Debug|x64.ActiveCfg = Debug|x64
		{148FA579-3EA4-4C54-9A01-9A5DB210CAFB}.Debug|x64.Build.0 = Debug|x64
		{148FA579-3EA4-4C54-9A01-9A5DB210CAFB}.Debug|x86.ActiveCfg = Debug|Win32
		{148FA579-3EA4-4C54-9A01-9A5DB210CAFB}.Debug|x86.Build.0 = Debug|Win32
		{148FA579-3EA4-4C54-9A01-9A5DB210CAFB}.Release|x64.ActiveCfg = Release|x64
		{148FA579-3EA4-4C54-9A01-9A5DB210CAFB}.Release|x64.Build.0 = Release|x64
		{148FA579-3EA4-4C54-9A01-9A5DB210CAFB}.Release|x86.ActiveCfg = Release|Win32
		{148FA579-3EA4-4C54-9A01-9A5DB210CAFB}.Release|x86.Build.0 = Release|Win32
		{EE868A4E-E26C-474F-847C-6A46FCF63E2C}.Debug|x64.ActiveCfg = Debug|x64
		{EE868A4E-E26C-474F-847C-6A46FCF63E2C}.Debug|x64.Build.0 = Debug|x64
		{EE868A4E-E26C-474F-847C-6A46FCF63E2C}.Debug|x86.ActiveCfg = Debug|Win32
		{EE868A4E-E26C-474F-847C-6A46FCF63E2C}.Debug|x86.Build.0 = Debug|Win32
		{EE868A4E-E26C-474F-847C-6A46FCF63E2C}.Release|x64.ActiveCfg = Release|x64
		{EE868A4E-E26C-474F-847C-6A46FCF63E2C}.Release|x64.Build.0 = Release|x64
		{EE868A4E-E26C-474F-847C-6A46FCF63E2C}.Release|x86.ActiveCfg = Release|Win32
		{EE868A4E-E26C-474F-847C-6A46FCF63E2C}.Release|x86.Build.0 = Release|Win32
		{9FBDE353-C3B4-407C-817E-2406C46D70FC}.Debug|x64.ActiveCfg = Debug|x64
		{9FBDE353-C3B4-407C-817E-2406C46D70FC}.Debug|x64.Build.0 = Debug|x64
		{9FBDE353-C3B4-407C-817E-2406C46D70FC}.Debug|x86.ActiveCfg = Debug|Win32
		{9FBDE353-C3B4-407C-817E-2406C46D70FC}.Debug|x86.Build.0 = Debug|Win32
		{9FBDE353-C3B4-407C-817E-2406C46D70FC}.Release|x64.ActiveCfg = Release|x64
		{9FBDE353-C3B4-407C-817E-2406C46D70FC}.Release|x64.Build.0 = Release|x64
		{9FBDE353-C3B4-407C-817E-2406C46D70FC}.Release|x86.ActiveCfg = Release|Win32
		{9FBDE353-C3B4-407C-817E-2406C46D70FC}.Release|x86.Build.0 = Release|Win32
		{C77AE22C-6D3F-4E3C-938B-7B0D7876FDA3}.Debug|x64.ActiveCfg = Debug|x64
		{C77AE22C-6D3F-4E3C-938B-7B0D7876FDA3}.Debug|x64.Build.0 = Debug|x64
		{C77AE22C-6D3F-4E3C-938B-7B0D7876FDA3}.Debug|x86.ActiveCfg = Debug|Win32
		{C77AE22C-6D3F-4E3C-938B-7B0D7876FDA3}.Debug|x86.Build.0 = Debug|Win32
		{C77AE22C-6D3F-4E3C-938B-7B0D7876FDA3}.Release|x64.ActiveCfg = Release|x64
		{C77AE22C-6D3F-4E3C-938B-7B0D7876FDA3}.Release|x64.Build.0 = Release|x64
		{C77AE22C-6D3F-4E3C-938B-7B0D7876FDA3}.Release|x86.ActiveCfg = Release|Win32
		{C77AE22C-6D3F-4E3C-938B-7B0D7876FDA3}.Release|x86.Build.0 = Release|Win32
		{2C22E371-4B66-4921-8960-8C0978ECB5B4}.Debug|x64.ActiveCfg = Debug|x64
		{2C22E371-4B66-4921-8960-8C0978ECB5B4}.Debug|x64.Build.0 = Debug|x64
		{2C22E371-4B66-4921-8960-8C0978ECB5B4}.Debug|x86.ActiveCfg = Debug|Win32
		{2C22E371-4B66-4921-8960-8C0978ECB5B4}.Debug|x86.Build.0 = Debug|Win32
		{2C22E371-4B66-4921-8960-8C0978ECB5B4}.Release|x64.ActiveCfg = Release|x64
		{2C22E371-4B66-4921-8960-8C0978ECB5B4}.Release|x64.Build.0 = Release|x64
		{2C22E371-4B66-4921-8960-8C0978ECB5B4}.Release|x86.ActiveCfg = Release|Win32
		{2C22E371-4B66-4921-8960-8C0978ECB5B4}.Release|x86.Build.0 = Release|Win32
		{3081DC28-371F-4DC3-88F3-14701C1949CA}.Debug|x64.ActiveCfg = Debug|x64
		{3081DC28-371F-4DC3-88F3-14701C1949CA}.Debug|x64.Build.0 = Debug|x64
		{3081DC28-371F-4DC3-88F3-14701C1949CA}.Debug|x86.ActiveCfg = Debug|Win32
		{3081DC28-371F-4DC3-88F3-14701C1949CA}.Debug|x86.Build.0 = Debug|Win32
		{3081DC28-371F-4DC3-88F3-14701C1949CA}.Release|x64.ActiveCfg = Release|x64
		{3081DC28-371F-4DC3-88F3-14701C1949CA}.Release|x64.Build.0 = Release|x64
		{3081DC28-371F-4DC3-88F3-14701C1949CA}.Release|x86.ActiveCfg = Release|Win32
		{3081DC28-371F-4DC3-88F3-14701C1949CA}.Release|x86.Build.0 = Release|Win32
		{8A66E196-1703-4F55-A539-30DA2BA67B16}.Debug|x64.ActiveCfg = Debug|x64
		{8A66E196-1703-4F55-A539-30DA2BA67B16}.Debug|x64.Build.0 = Debug|x64
		{8A66E196-1703-4F55-A539-30DA2BA67B16}.Debug|x86.ActiveCfg = Debug|Win32
		{8A66E196-1703-4F55-A539-30DA2BA67B16}.Debug|x86.Build.0 = Debug|Win32
		{8A66E196-1703-4F55-A539-30DA2BA67B16}.Release|x64.ActiveCfg = Release|x64
		{8A66E196-1703-4F55-A539-30DA2BA67B16}.Release|x64.Build.0 = Release|x64
		{8A66E196-1703-4F55-A539-30DA2BA67B16}.Release|x86.ActiveCfg = Release|Win32
		{8A66E196-1703-4F55-A539-30DA2BA67B16}.Release|x86.Build.0 = Release|Win32
		{B337F721-DE6C-49CE-BBCD-DDE6BD8B912F}.Debug|x64.ActiveCfg = Debug|x64
		{B337F721-DE6C-49CE-BBCD-DDE6BD8B912F}.Debug|x64.Build.0 = Debug|x64
		{B337F721-DE6C-49CE-BBCD-DDE6BD8B912F}.Debug|x86.ActiveCfg = Debug|Win32
		{B337F721-DE6C-49CE-BBCD-DDE6BD8B912F}.Debug|x86.Build.0 = Debug|Win32
		{B337F721-DE6C-49CE-BBCD-DDE6BD8B912F}.Release|x64.ActiveCfg = Release|x64
		{B337F721-DE6C-49CE-BBCD-DDE6BD8B912F}.Release|x64.Build.0 = Release|x64
		{B337F721-DE6C-49CE-BBCD-DDE6BD8B912F}.Release|x86.ActiveCfg = Release|Win32
		{B337F721-DE6C-49CE-BBCD-DDE6BD8B912F}.Release|x86.Build.0 = Release|Win32
		{66459311-9782-45AB-8D58-CDE17DF7C649}.Debug|x64.ActiveCfg = Debug|x64
		{66459311-9782-45AB-8D58-CDE17DF7C649}.Debug|x64.Build.0 = Debug|x64
		{66459311-9782-45AB-8D58-CDE17DF7C649}.Debug|x86.ActiveCfg = Debug|Win32
		{66459311-9782-45AB-8D58-CDE17DF7C649}.Debug|x86.Build.0 = Debug|Win32
		{66459311-9782-45AB-8D58-CDE17DF7C649}.Release|x64.ActiveCfg = Release|x64
		{66459311-9782-45AB-8D58-CDE17DF7C649}.Release|x64.Build.0 = Release|x64
		{66459311-9782-45AB-8D58-CDE17DF7C649}.Release|x86.ActiveCfg = Release|Win32
		{66459311-9782-45AB-8D58-CDE17DF7C649}.Release|x86.Build.0 = Release|Win32
		{50B15FE6-69C2-4498-99EF-A762B60676D1}.Debug|x64.ActiveCfg = Debug|x64
		{50B15FE6-69C2-4498-99EF-A762B60676D1}.Debug|x64.Build.0 = Debug|x64
		{50B15FE6-69C2-4498-99EF-A762B60676D1}.Debug|x86.ActiveCfg = Debug|Win32
		{50B15FE6-69C2-4498-99EF-A762B60676D1}.Debug|x86.Build.0 = Debug|Win32
		{50B15FE6-69C2-4498-99EF-A762B60676D1}.Release|x64.ActiveCfg = Release|x64
		{50B15FE6-69C2-4498-99EF-A762B60676D1}.Release|x64.Build.0 = Release|x64
		{50B15FE6-69C2-4498-99EF-A762B60676D1}.Release|x86.ActiveCfg = Release|Win32
		{50B15FE6-69C2-4498-99EF-A762B60676D1}.Release|x86.Build.0 = Release|Win32
		{05A48DE6-FE38-49D8-BA1B-49F2FC563E45}.Debug|x64.ActiveCfg = Debug|x64
		{05A48DE6-FE38-49D8-BA1B-49F2FC563E45}.Debug|x64.Build.0 = Debug|x64
		{05A48DE6-FE38-49D8-BA1B-49F2FC563E45}.Debug|x86.ActiveCfg = Debug|Win32
		{05A48DE6-FE38-49D8-BA1B-49F2FC563E45}.Debug|x86.Build.0 = Debug|Win32
		{05A48DE6-FE38-49D8-BA1B-49F2FC563E45}.Release|x64.ActiveCfg = Release|x64
		{05A48DE6-FE38-49D8-BA1B-49F2FC563E45}.Release|x64.Build.0 = Release|x64
		{05A48DE6-FE38-49D8-BA1B-49F2FC563E45}.Release|x86.ActiveCfg = Release|Win32
		{05A48DE6-FE38-49D8-BA1B-49F2FC563E45}.Release|x86.Build.0 = Release|Win32
	EndGlobalSection
	GlobalSection(SolutionProperties) = preSolution
		HideSolutionNode = FALSE
	EndGlobalSection
	GlobalSection(ExtensibilityGlobals) = postSolution
		SolutionGuid = {5CA8683A-85CD-4F53-9E84-DF7BC8D40E5A}
	EndGlobalSection
EndGlobal
